{
    "_readme": [
        "This file locks the dependencies of your project to a known state",
        "Read more about it at https://getcomposer.org/doc/01-basic-usage.md#installing-dependencies",
        "This file is @generated automatically"
    ],
    "content-hash": "52b63c4d1a88d078703c99cab73e7740",
    "packages": [
        {
            "name": "paynl/sdk",
            "version": "v1.6.5",
            "source": {
                "type": "git",
                "url": "https://github.com/paynl/sdk.git",
                "reference": "7b35dc4e579280d34f12ba519fa6aaaca7d8b543"
            },
            "dist": {
                "type": "zip",
                "url": "https://api.github.com/repos/paynl/sdk/zipball/7b35dc4e579280d34f12ba519fa6aaaca7d8b543",
                "reference": "7b35dc4e579280d34f12ba519fa6aaaca7d8b543",
                "shasum": ""
            },
            "require": {
                "ext-curl": "*",
                "ext-json": "*",
                "php-curl-class/php-curl-class": "^8.3||^9.0"
            },
            "require-dev": {
                "php-coveralls/php-coveralls": "^1.0",
                "phpunit/phpunit": "^4.8"
            },
            "suggest": {
                "ext-simplexml": "*"
            },
            "type": "library",
            "autoload": {
                "psr-4": {
                    "Paynl\\": "src/"
                }
            },
            "notification-url": "https://packagist.org/downloads/",
            "license": [
                "MIT"
            ],
            "authors": [
                {
                    "name": "Andy Pieters",
                    "email": "andy@pay.nl"
                }
            ],
            "support": {
                "issues": "https://github.com/paynl/sdk/issues",
                "source": "https://github.com/paynl/sdk/tree/v1.6.5"
            },
            "time": "2021-10-22T14:40:13+00:00"
        },
        {
            "name": "php-curl-class/php-curl-class",
            "version": "9.4.0",
            "source": {
                "type": "git",
                "url": "https://github.com/php-curl-class/php-curl-class.git",
                "reference": "e6de01c8c3755d2b015195d671d22a3c71020d15"
            },
            "dist": {
                "type": "zip",
                "url": "https://api.github.com/repos/php-curl-class/php-curl-class/zipball/e6de01c8c3755d2b015195d671d22a3c71020d15",
                "reference": "e6de01c8c3755d2b015195d671d22a3c71020d15",
                "shasum": ""
            },
            "require": {
                "ext-curl": "*",
                "php": ">=7.0"
            },
            "require-dev": {
                "ext-gd": "*",
                "phpunit/phpunit": "*",
                "squizlabs/php_codesniffer": "*"
            },
            "suggest": {
                "ext-mbstring": "*"
            },
            "type": "library",
            "autoload": {
                "psr-4": {
                    "Curl\\": "src/Curl/"
                }
            },
            "notification-url": "https://packagist.org/downloads/",
            "license": [
                "Unlicense"
            ],
            "authors": [
                {
                    "name": "Zach Borboa"
                }
            ],
            "description": "PHP Curl Class makes it easy to send HTTP requests and integrate with web APIs.",
            "homepage": "https://github.com/php-curl-class/php-curl-class",
            "keywords": [
                "API-Client",
                "api",
                "class",
                "client",
                "curl",
                "framework",
                "http",
                "http-client",
                "http-proxy",
                "json",
                "php",
                "php-curl",
                "php-curl-library",
                "proxy",
                "requests",
                "restful",
                "web-scraper",
                "web-scraping ",
                "web-service",
                "xml"
            ],
            "support": {
                "issues": "https://github.com/php-curl-class/php-curl-class/issues",
                "source": "https://github.com/php-curl-class/php-curl-class/tree/9.4.0"
            },
            "time": "2021-09-04T18:28:24+00:00"
        }
    ],
    "packages-dev": [],
    "aliases": [],
    "minimum-stability": "stable",
    "stability-flags": [],
    "prefer-stable": false,
    "prefer-lowest": false,
    "platform": {
        "ext-json": "*"
    },
    "platform-dev": [],
    "platform-overrides": {
        "php": "7.2"
    },
    "plugin-api-version": "2.1.0"
}
